<Solution>
  <Project Path="LibraryManagementSystem.Business/LibraryManagementSystem.Business.csproj" />
  <Project Path="LibraryManagementSystem.Domain/LibraryManagementSystem.Domain.csproj" />
  <Project Path="LibraryManagementSystem.Infrastructure/LibraryManagementSystem.Infrastructure.csproj" />
  <Project Path="LibraryManagementSystem/LibraryManagementSystem.csproj" />
</Solution>
